// !$*UTF8*$!
{
	archiveVersion = 1;
	classes = {
	};
	objectVersion = 55;
	objects = {

/* Begin PBXBuildFile section */
		356A7B382812A91700A56B3B /* AppDelegate.swift in Sources */ = {isa = PBXBuildFile; fileRef = 356A7B372812A91700A56B3B /* AppDelegate.swift */; };
		356A7B3A2812A91700A56B3B /* SceneDelegate.swift in Sources */ = {isa = PBXBuildFile; fileRef = 356A7B392812A91700A56B3B /* SceneDelegate.swift */; };
		356A7B3C2812A91700A56B3B /* ViewController.swift in Sources */ = {isa = PBXBuildFile; fileRef = 356A7B3B2812A91700A56B3B /* ViewController.swift */; };
		356A7B3F2812A91700A56B3B /* Main.storyboard in Resources */ = {isa = PBXBuildFile; fileRef = 356A7B3D2812A91700A56B3B /* Main.storyboard */; };
		356A7B412812A91900A56B3B /* Assets.xcassets in Resources */ = {isa = PBXBuildFile; fileRef = 356A7B402812A91900A56B3B /* Assets.xcassets */; };
		356A7B442812A91900A56B3B /* LaunchScreen.storyboard in Resources */ = {isa = PBXBuildFile; fileRef = 356A7B422812A91900A56B3B /* LaunchScreen.storyboard */; };
		356A7B4F2812A91900A56B3B /* VDChartAppTests.swift in Sources */ = {isa = PBXBuildFile; fileRef = 356A7B4E2812A91900A56B3B /* VDChartAppTests.swift */; };
		356A7B592812A91900A56B3B /* VDChartAppUITests.swift in Sources */ = {isa = PBXBuildFile; fileRef = 356A7B582812A91900A56B3B /* VDChartAppUITests.swift */; };
		356A7B5B2812A91900A56B3B /* VDChartAppUITestsLaunchTests.swift in Sources */ = {isa = PBXBuildFile; fileRef = 356A7B5A2812A91900A56B3B /* VDChartAppUITestsLaunchTests.swift */; };
/* End PBXBuildFile section */

/* Begin PBXContainerItemProxy section */
		356A7B4B2812A91900A56B3B /* PBXContainerItemProxy */ = {
			isa = PBXContainerItemProxy;
			containerPortal = 356A7B2C2812A91700A56B3B /* Project object */;
			proxyType = 1;
			remoteGlobalIDString = 356A7B332812A91700A56B3B;
			remoteInfo = VDChartApp;
		};
		356A7B552812A91900A56B3B /* PBXContainerItemProxy */ = {
			isa = PBXContainerItemProxy;
			containerPortal = 356A7B2C2812A91700A56B3B /* Project object */;
			proxyType = 1;
			remoteGlobalIDString = 356A7B332812A91700A56B3B;
			remoteInfo = VDChartApp;
		};
/* End PBXContainerItemProxy section */

/* Begin PBXFileReference section */
		352FA0E02819867E00F14891 /* README.md */ = {isa = PBXFileReference; lastKnownFileType = net.daringfireball.markdown; path = README.md; sourceTree = "<group>"; };
		356A7B342812A91700A56B3B /* VDChartApp.app */ = {isa = PBXFileReference; explicitFileType = wrapper.application; includeInIndex = 0; path = VDChartApp.app; sourceTree = BUILT_PRODUCTS_DIR; };
		356A7B372812A91700A56B3B /* AppDelegate.swift */ = {isa = PBXFileReference; lastKnownFileType = sourcecode.swift; path = AppDelegate.swift; sourceTree = "<group>"; };
		356A7B392812A91700A56B3B /* SceneDelegate.swift */ = {isa = PBXFileReference; lastKnownFileType = sourcecode.swift; path = SceneDelegate.swift; sourceTree = "<group>"; };
		356A7B3B2812A91700A56B3B /* ViewController.swift */ = {isa = PBXFileReference; lastKnownFileType = sourcecode.swift; path = ViewController.swift; sourceTree = "<group>"; };
		356A7B3E2812A91700A56B3B /* Base */ = {isa = PBXFileReference; lastKnownFileType = file.storyboard; name = Base; path = Base.lproj/Main.storyboard; sourceTree = "<group>"; };
		356A7B402812A91900A56B3B /* Assets.xcassets */ = {isa = PBXFileReference; lastKnownFileType = folder.assetcatalog; path = Assets.xcassets; sourceTree = "<group>"; };
		356A7B432812A91900A56B3B /* Base */ = {isa = PBXFileReference; lastKnownFileType = file.storyboard; name = Base; path = Base.lproj/LaunchScreen.storyboard; sourceTree = "<group>"; };
		356A7B452812A91900A56B3B /* Info.plist */ = {isa = PBXFileReference; lastKnownFileType = text.plist.xml; path = Info.plist; sourceTree = "<group>"; };
		356A7B4A2812A91900A56B3B /* VDChartAppTests.xctest */ = {isa = PBXFileReference; explicitFileType = wrapper.cfbundle; includeInIndex = 0; path = VDChartAppTests.xctest; sourceTree = BUILT_PRODUCTS_DIR; };
		356A7B4E2812A91900A56B3B /* VDChartAppTests.swift */ = {isa = PBXFileReference; lastKnownFileType = sourcecode.swift; path = VDChartAppTests.swift; sourceTree = "<group>"; };
		356A7B542812A91900A56B3B /* VDChartAppUITests.xctest */ = {isa = PBXFileReference; explicitFileType = wrapper.cfbundle; includeInIndex = 0; path = VDChartAppUITests.xctest; sourceTree = BUILT_PRODUCTS_DIR; };
		356A7B582812A91900A56B3B /* VDChartAppUITests.swift */ = {isa = PBXFileReference; lastKnownFileType = sourcecode.swift; path = VDChartAppUITests.swift; sourceTree = "<group>"; };
		356A7B5A2812A91900A56B3B /* VDChartAppUITestsLaunchTests.swift */ = {isa = PBXFileReference; lastKnownFileType = sourcecode.swift; path = VDChartAppUITestsLaunchTests.swift; sourceTree = "<group>"; };
		359043F528200DF700B5671A /* ezgif-5-359e284296.gif */ = {isa = PBXFileReference; lastKnownFileType = image.gif; path = "ezgif-5-359e284296.gif"; sourceTree = "<group>"; };
/* End PBXFileReference section */

/* Begin PBXFrameworksBuildPhase section */
		356A7B312812A91700A56B3B /* Frameworks */ = {
			isa = PBXFrameworksBuildPhase;
			buildActionMask = 2147483647;
			files = (
			);
			runOnlyForDeploymentPostprocessing = 0;
		};
		356A7B472812A91900A56B3B /* Frameworks */ = {
			isa = PBXFrameworksBuildPhase;
			buildActionMask = 2147483647;
			files = (
			);
			runOnlyForDeploymentPostprocessing = 0;
		};
		356A7B512812A91900A56B3B /* Frameworks */ = {
			isa = PBXFrameworksBuildPhase;
			buildActionMask = 2147483647;
			files = (
			);
			runOnlyForDeploymentPostprocessing = 0;
		};
/* End PBXFrameworksBuildPhase section */

/* Begin PBXGroup section */
		356A7B2B2812A91700A56B3B = {
			isa = PBXGroup;
			children = (
				356A7B362812A91700A56B3B /* VDChartApp */,
				356A7B4D2812A91900A56B3B /* VDChartAppTests */,
				356A7B572812A91900A56B3B /* VDChartAppUITests */,
				356A7B352812A91700A56B3B /* Products */,
			);
			sourceTree = "<group>";
		};
		356A7B352812A91700A56B3B /* Products */ = {
			isa = PBXGroup;
			children = (
				356A7B342812A91700A56B3B /* VDChartApp.app */,
				356A7B4A2812A91900A56B3B /* VDChartAppTests.xctest */,
				356A7B542812A91900A56B3B /* VDChartAppUITests.xctest */,
			);
			name = Products;
			sourceTree = "<group>";
		};
		356A7B362812A91700A56B3B /* VDChartApp */ = {
			isa = PBXGroup;
			children = (
				352FA0E02819867E00F14891 /* README.md */,
				359043F528200DF700B5671A /* ezgif-5-359e284296.gif */,
				356A7B372812A91700A56B3B /* AppDelegate.swift */,
				356A7B392812A91700A56B3B /* SceneDelegate.swift */,
				356A7B3B2812A91700A56B3B /* ViewController.swift */,
				356A7B3D2812A91700A56B3B /* Main.storyboard */,
				356A7B402812A91900A56B3B /* Assets.xcassets */,
				356A7B422812A91900A56B3B /* LaunchScreen.storyboard */,
				356A7B452812A91900A56B3B /* Info.plist */,
			);
			path = VDChartApp;
			sourceTree = "<group>";
		};
		356A7B4D2812A91900A56B3B /* VDChartAppTests */ = {
			isa = PBXGroup;
			children = (
				356A7B4E2812A91900A56B3B /* VDChartAppTests.swift */,
			);
			path = VDChartAppTests;
			sourceTree = "<group>";
		};
		356A7B572812A91900A56B3B /* VDChartAppUITests */ = {
			isa = PBXGroup;
			children = (
				356A7B582812A91900A56B3B /* VDChartAppUITests.swift */,
				356A7B5A2812A91900A56B3B /* VDChartAppUITestsLaunchTests.swift */,
			);
			path = VDChartAppUITests;
			sourceTree = "<group>";
		};
/* End PBXGroup section */

/* Begin PBXNativeTarget section */
		356A7B332812A91700A56B3B /* VDChartApp */ = {
			isa = PBXNativeTarget;
			buildConfigurationList = 356A7B5E2812A91900A56B3B /* Build configuration list for PBXNativeTarget "VDChartApp" */;
			buildPhases = (
				356A7B302812A91700A56B3B /* Sources */,
				356A7B312812A91700A56B3B /* Frameworks */,
				356A7B322812A91700A56B3B /* Resources */,
			);
			buildRules = (
			);
			dependencies = (
			);
			name = VDChartApp;
			productName = VDChartApp;
			productReference = 356A7B342812A91700A56B3B /* VDChartApp.app */;
			productType = "com.apple.product-type.application";
		};
		356A7B492812A91900A56B3B /* VDChartAppTests */ = {
			isa = PBXNativeTarget;
			buildConfigurationList = 356A7B612812A91900A56B3B /* Build configuration list for PBXNativeTarget "VDChartAppTests" */;
			buildPhases = (
				356A7B462812A91900A56B3B /* Sources */,
				356A7B472812A91900A56B3B /* Frameworks */,
				356A7B482812A91900A56B3B /* Resources */,
			);
			buildRules = (
			);
			dependencies = (
				356A7B4C2812A91900A56B3B /* PBXTargetDependency */,
			);
			name = VDChartAppTests;
			productName = VDChartAppTests;
			productReference = 356A7B4A2812A91900A56B3B /* VDChartAppTests.xctest */;
			productType = "com.apple.product-type.bundle.unit-test";
		};
		356A7B532812A91900A56B3B /* VDChartAppUITests */ = {
			isa = PBXNativeTarget;
			buildConfigurationList = 356A7B642812A91900A56B3B /* Build configuration list for PBXNativeTarget "VDChartAppUITests" */;
			buildPhases = (
				356A7B502812A91900A56B3B /* Sources */,
				356A7B512812A91900A56B3B /* Frameworks */,
				356A7B522812A91900A56B3B /* Resources */,
			);
			buildRules = (
			);
			dependencies = (
				356A7B562812A91900A56B3B /* PBXTargetDependency */,
			);
			name = VDChartAppUITests;
			productName = VDChartAppUITests;
			productReference = 356A7B542812A91900A56B3B /* VDChartAppUITests.xctest */;
			productType = "com.apple.product-type.bundle.ui-testing";
		};
/* End PBXNativeTarget section */

/* Begin PBXProject section */
		356A7B2C2812A91700A56B3B /* Project object */ = {
			isa = PBXProject;
			attributes = {
				BuildIndependentTargetsInParallel = 1;
				LastSwiftUpdateCheck = 1330;
				LastUpgradeCheck = 1330;
				TargetAttributes = {
					356A7B332812A91700A56B3B = {
						CreatedOnToolsVersion = 13.3.1;
					};
					356A7B492812A91900A56B3B = {
						CreatedOnToolsVersion = 13.3.1;
						TestTargetID = 356A7B332812A91700A56B3B;
					};
					356A7B532812A91900A56B3B = {
						CreatedOnToolsVersion = 13.3.1;
						TestTargetID = 356A7B332812A91700A56B3B;
					};
				};
			};
			buildConfigurationList = 356A7B2F2812A91700A56B3B /* Build configuration list for PBXProject "VDChartApp" */;
			compatibilityVersion = "Xcode 13.0";
			developmentRegion = en;
			hasScannedForEncodings = 0;
			knownRegions = (
				en,
				Base,
			);
			mainGroup = 356A7B2B2812A91700A56B3B;
			productRefGroup = 356A7B352812A91700A56B3B /* Products */;
			projectDirPath = "";
			projectRoot = "";
			targets = (
				356A7B332812A91700A56B3B /* VDChartApp */,
				356A7B492812A91900A56B3B /* VDChartAppTests */,
				356A7B532812A91900A56B3B /* VDChartAppUITests */,
			);
		};
/* End PBXProject section */

/* Begin PBXResourcesBuildPhase section */
		356A7B322812A91700A56B3B /* Resources */ = {
			isa = PBXResourcesBuildPhase;
			buildActionMask = 2147483647;
			files = (
				356A7B442812A91900A56B3B /* LaunchScreen.storyboard in Resources */,
				356A7B412812A91900A56B3B /* Assets.xcassets in Resources */,
				356A7B3F2812A91700A56B3B /* Main.storyboard in Resources */,
			);
			runOnlyForDeploymentPostprocessing = 0;
		};
		356A7B482812A91900A56B3B /* Resources */ = {
			isa = PBXResourcesBuildPhase;
			buildActionMask = 2147483647;
			files = (
			);
			runOnlyForDeploymentPostprocessing = 0;
		};
		356A7B522812A91900A56B3B /* Resources */ = {
			isa = PBXResourcesBuildPhase;
			buildActionMask = 2147483647;
			files = (
			);
			runOnlyForDeploymentPostprocessing = 0;
		};
/* End PBXResourcesBuildPhase section */

/* Begin PBXSourcesBuildPhase section */
		356A7B302812A91700A56B3B /* Sources */ = {
			isa = PBXSourcesBuildPhase;
			buildActionMask = 2147483647;
			files = (
				356A7B3C2812A91700A56B3B /* ViewController.swift in Sources */,
				356A7B382812A91700A56B3B /* AppDelegate.swift in Sources */,
				356A7B3A2812A91700A56B3B /* SceneDelegate.swift in Sources */,
			);
			runOnlyForDeploymentPostprocessing = 0;
		};
		356A7B462812A91900A56B3B /* Sources */ = {
			isa = PBXSourcesBuildPhase;
			buildActionMask = 2147483647;
			files = (
				356A7B4F2812A91900A56B3B /* VDChartAppTests.swift in Sources */,
			);
			runOnlyForDeploymentPostprocessing = 0;
		};
		356A7B502812A91900A56B3B /* Sources */ = {
			isa = PBXSourcesBuildPhase;
			buildActionMask = 2147483647;
			files = (
				356A7B592812A91900A56B3B /* VDChartAppUITests.swift in Sources */,
				356A7B5B2812A91900A56B3B /* VDChartAppUITestsLaunchTests.swift in Sources */,
			);
			runOnlyForDeploymentPostprocessing = 0;
		};
/* End PBXSourcesBuildPhase section */

/* Begin PBXTargetDependency section */
		356A7B4C2812A91900A56B3B /* PBXTargetDependency */ = {
			isa = PBXTargetDependency;
			target = 356A7B332812A91700A56B3B /* VDChartApp */;
			targetProxy = 356A7B4B2812A91900A56B3B /* PBXContainerItemProxy */;
		};
		356A7B562812A91900A56B3B /* PBXTargetDependency */ = {
			isa = PBXTargetDependency;
			target = 356A7B332812A91700A56B3B /* VDChartApp */;
			targetProxy = 356A7B552812A91900A56B3B /* PBXContainerItemProxy */;
		};
/* End PBXTargetDependency section */

/* Begin PBXVariantGroup section */
		356A7B3D2812A91700A56B3B /* Main.storyboard */ = {
			isa = PBXVariantGroup;
			children = (
				356A7B3E2812A91700A56B3B /* Base */,
			);
			name = Main.storyboard;
			sourceTree = "<group>";
		};
		356A7B422812A91900A56B3B /* LaunchScreen.storyboard */ = {
			isa = PBXVariantGroup;
			children = (
				356A7B432812A91900A56B3B /* Base */,
			);
			name = LaunchScreen.storyboard;
			sourceTree = "<group>";
		};
/* End PBXVariantGroup section */

/* Begin XCBuildConfiguration section */
		356A7B5C2812A91900A56B3B /* Debug */ = {
			isa = XCBuildConfiguration;
			buildSettings = {
				ALWAYS_SEARCH_USER_PATHS = NO;
				CLANG_ANALYZER_NONNULL = YES;
				CLANG_ANALYZER_NUMBER_OBJECT_CONVERSION = YES_AGGRESSIVE;
				CLANG_CXX_LANGUAGE_STANDARD = "gnu++17";
				CLANG_ENABLE_MODULES = YES;
				CLANG_ENABLE_OBJC_ARC = YES;
				CLANG_ENABLE_OBJC_WEAK = YES;
				CLANG_WARN_BLOCK_CAPTURE_AUTORELEASING = YES;
				CLANG_WARN_BOOL_CONVERSION = YES;
				CLANG_WARN_COMMA = YES;
				CLANG_WARN_CONSTANT_CONVERSION = YES;
				CLANG_WARN_DEPRECATED_OBJC_IMPLEMENTATIONS = YES;
				CLANG_WARN_DIRECT_OBJC_ISA_USAGE = YES_ERROR;
				CLANG_WARN_DOCUMENTATION_COMMENTS = YES;
				CLANG_WARN_EMPTY_BODY = YES;
				CLANG_WARN_ENUM_CONVERSION = YES;
				CLANG_WARN_INFINITE_RECURSION = YES;
				CLANG_WARN_INT_CONVERSION = YES;
				CLANG_WARN_NON_LITERAL_NULL_CONVERSION = YES;
				CLANG_WARN_OBJC_IMPLICIT_RETAIN_SELF = YES;
				CLANG_WARN_OBJC_LITERAL_CONVERSION = YES;
				CLANG_WARN_OBJC_ROOT_CLASS = YES_ERROR;
				CLANG_WARN_QUOTED_INCLUDE_IN_FRAMEWORK_HEADER = YES;
				CLANG_WARN_RANGE_LOOP_ANALYSIS = YES;
				CLANG_WARN_STRICT_PROTOTYPES = YES;
				CLANG_WARN_SUSPICIOUS_MOVE = YES;
				CLANG_WARN_UNGUARDED_AVAILABILITY = YES_AGGRESSIVE;
				CLANG_WARN_UNREACHABLE_CODE = YES;
				CLANG_WARN__DUPLICATE_METHOD_MATCH = YES;
				COPY_PHASE_STRIP = NO;
				DEBUG_INFORMATION_FORMAT = dwarf;
				ENABLE_STRICT_OBJC_MSGSEND = YES;
				ENABLE_TESTABILITY = YES;
				GCC_C_LANGUAGE_STANDARD = gnu11;
				GCC_DYNAMIC_NO_PIC = NO;
				GCC_NO_COMMON_BLOCKS = YES;
				GCC_OPTIMIZATION_LEVEL = 0;
				GCC_PREPROCESSOR_DEFINITIONS = (
					"DEBUG=1",
					"$(inherited)",
				);
				GCC_WARN_64_TO_32_BIT_CONVERSION = YES;
				GCC_WARN_ABOUT_RETURN_TYPE = YES_ERROR;
				GCC_WARN_UNDECLARED_SELECTOR = YES;
				GCC_WARN_UNINITIALIZED_AUTOS = YES_AGGRESSIVE;
				GCC_WARN_UNUSED_FUNCTION = YES;
				GCC_WARN_UNUSED_VARIABLE = YES;
				IPHONEOS_DEPLOYMENT_TARGET = 15.4;
				MTL_ENABLE_DEBUG_INFO = INCLUDE_SOURCE;
				MTL_FAST_MATH = YES;
				ONLY_ACTIVE_ARCH = YES;
				SDKROOT = iphoneos;
				SWIFT_ACTIVE_COMPILATION_CONDITIONS = DEBUG;
				SWIFT_OPTIMIZATION_LEVEL = "-Onone";
			};
			name = Debug;
		};
		356A7B5D2812A91900A56B3B /* Release */ = {
			isa = XCBuildConfiguration;
			buildSettings = {
				ALWAYS_SEARCH_USER_PATHS = NO;
				CLANG_ANALYZER_NONNULL = YES;
				CLANG_ANALYZER_NUMBER_OBJECT_CONVERSION = YES_AGGRESSIVE;
				CLANG_CXX_LANGUAGE_STANDARD = "gnu++17";
				CLANG_ENABLE_MODULES = YES;
				CLANG_ENABLE_OBJC_ARC = YES;
				CLANG_ENABLE_OBJC_WEAK = YES;
				CLANG_WARN_BLOCK_CAPTURE_AUTORELEASING = YES;
				CLANG_WARN_BOOL_CONVERSION = YES;
				CLANG_WARN_COMMA = YES;
				CLANG_WARN_CONSTANT_CONVERSION = YES;
				CLANG_WARN_DEPRECATED_OBJC_IMPLEMENTATIONS = YES;
				CLANG_WARN_DIRECT_OBJC_ISA_USAGE = YES_ERROR;
				CLANG_WARN_DOCUMENTATION_COMMENTS = YES;
				CLANG_WARN_EMPTY_BODY = YES;
				CLANG_WARN_ENUM_CONVERSION = YES;
				CLANG_WARN_INFINITE_RECURSION = YES;
				CLANG_WARN_INT_CONVERSION = YES;
				CLANG_WARN_NON_LITERAL_NULL_CONVERSION = YES;
				CLANG_WARN_OBJC_IMPLICIT_RETAIN_SELF = YES;
				CLANG_WARN_OBJC_LITERAL_CONVERSION = YES;
				CLANG_WARN_OBJC_ROOT_CLASS = YES_ERROR;
				CLANG_WARN_QUOTED_INCLUDE_IN_FRAMEWORK_HEADER = YES;
				CLANG_WARN_RANGE_LOOP_ANALYSIS = YES;
				CLANG_WARN_STRICT_PROTOTYPES = YES;
				CLANG_WARN_SUSPICIOUS_MOVE = YES;
				CLANG_WARN_UNGUARDED_AVAILABILITY = YES_AGGRESSIVE;
				CLANG_WARN_UNREACHABLE_CODE = YES;
				CLANG_WARN__DUPLICATE_METHOD_MATCH = YES;
				COPY_PHASE_STRIP = NO;
				DEBUG_INFORMATION_FORMAT = "dwarf-with-dsym";
				ENABLE_NS_ASSERTIONS = NO;
				ENABLE_STRICT_OBJC_MSGSEND = YES;
				GCC_C_LANGUAGE_STANDARD = gnu11;
				GCC_NO_COMMON_BLOCKS = YES;
				GCC_WARN_64_TO_32_BIT_CONVERSION = YES;
				GCC_WARN_ABOUT_RETURN_TYPE = YES_ERROR;
				GCC_WARN_UNDECLARED_SELECTOR = YES;
				GCC_WARN_UNINITIALIZED_AUTOS = YES_AGGRESSIVE;
				GCC_WARN_UNUSED_FUNCTION = YES;
				GCC_WARN_UNUSED_VARIABLE = YES;
				IPHONEOS_DEPLOYMENT_TARGET = 15.4;
				MTL_ENABLE_DEBUG_INFO = NO;
				MTL_FAST_MATH = YES;
				SDKROOT = iphoneos;
				SWIFT_COMPILATION_MODE = wholemodule;
				SWIFT_OPTIMIZATION_LEVEL = "-O";
				VALIDATE_PRODUCT = YES;
			};
			name = Release;
		};
		356A7B5F2812A91900A56B3B /* Debug */ = {
			isa = XCBuildConfiguration;
			buildSettings = {
				ASSETCATALOG_COMPILER_APPICON_NAME = AppIcon;
				ASSETCATALOG_COMPILER_GLOBAL_ACCENT_COLOR_NAME = AccentColor;
				CODE_SIGN_STYLE = Automatic;
				CURRENT_PROJECT_VERSION = 1;
				GENERATE_INFOPLIST_FILE = YES;
				INFOPLIST_FILE = VDChartApp/Info.plist;
				INFOPLIST_KEY_UIApplicationSupportsIndirectInputEvents = YES;
				INFOPLIST_KEY_UILaunchStoryboardName = LaunchScreen;
				INFOPLIST_KEY_UIMainStoryboardFile = Main;
				INFOPLIST_KEY_UISupportedInterfaceOrientations_iPad = "UIInterfaceOrientationPortrait UIInterfaceOrientationPortraitUpsideDown UIInterfaceOrientationLandscapeLeft UIInterfaceOrientationLandscapeRight";
				INFOPLIST_KEY_UISupportedInterfaceOrientations_iPhone = "UIInterfaceOrientationPortrait UIInterfaceOrientationLandscapeLeft UIInterfaceOrientationLandscapeRight";
				LD_RUNPATH_SEARCH_PATHS = (
					"$(inherited)",
					"@executable_path/Frameworks",
				);
				MARKETING_VERSION = 1.0;
				PRODUCT_BUNDLE_IDENTIFIER = com.vinaydevdikar.sampleapp.VDChartApp;
				PRODUCT_NAME = "$(TARGET_NAME)";
				SWIFT_EMIT_LOC_STRINGS = YES;
				SWIFT_VERSION = 5.0;
				TARGETED_DEVICE_FAMILY = 1;
			};
			name = Debug;
		};
		356A7B602812A91900A56B3B /* Release */ = {
			isa = XCBuildConfiguration;
			buildSettings = {
				ASSETCATALOG_COMPILER_APPICON_NAME = AppIcon;
				ASSETCATALOG_COMPILER_GLOBAL_ACCENT_COLOR_NAME = AccentColor;
				CODE_SIGN_STYLE = Automatic;
				CURRENT_PROJECT_VERSION = 1;
				GENERATE_INFOPLIST_FILE = YES;
				INFOPLIST_FILE = VDChartApp/Info.plist;
				INFOPLIST_KEY_UIApplicationSupportsIndirectInputEvents = YES;
				INFOPLIST_KEY_UILaunchStoryboardName = LaunchScreen;
				INFOPLIST_KEY_UIMainStoryboardFile = Main;
				INFOPLIST_KEY_UISupportedInterfaceOrientations_iPad = "UIInterfaceOrientationPortrait UIInterfaceOrientationPortraitUpsideDown UIInterfaceOrientationLandscapeLeft UIInterfaceOrientationLandscapeRight";
				INFOPLIST_KEY_UISupportedInterfaceOrientations_iPhone = "UIInterfaceOrientationPortrait UIInterfaceOrientationLandscapeLeft UIInterfaceOrientationLandscapeRight";
				LD_RUNPATH_SEARCH_PATHS = (
					"$(inherited)",
					"@executable_path/Frameworks",
				);
				MARKETING_VERSION = 1.0;
				PRODUCT_BUNDLE_IDENTIFIER = com.vinaydevdikar.sampleapp.VDChartApp;
				PRODUCT_NAME = "$(TARGET_NAME)";
				SWIFT_EMIT_LOC_STRINGS = YES;
				SWIFT_VERSION = 5.0;
				TARGETED_DEVICE_FAMILY = 1;
			};
			name = Release;
		};
		356A7B622812A91900A56B3B /* Debug */ = {
			isa = XCBuildConfiguration;
			buildSettings = {
				ALWAYS_EMBED_SWIFT_STANDARD_LIBRARIES = YES;
				BUNDLE_LOADER = "$(TEST_HOST)";
				CODE_SIGN_STYLE = Automatic;
				CURRENT_PROJECT_VERSION = 1;
				GENERATE_INFOPLIST_FILE = YES;
				IPHONEOS_DEPLOYMENT_TARGET = 15.4;
				MARKETING_VERSION = 1.0;
				PRODUCT_BUNDLE_IDENTIFIER = com.vinaydevdikar.sampleapp.VDChartAppTests;
				PRODUCT_NAME = "$(TARGET_NAME)";
				SWIFT_EMIT_LOC_STRINGS = NO;
				SWIFT_VERSION = 5.0;
				TARGETED_DEVICE_FAMILY = "1,2";
				TEST_HOST = "$(BUILT_PRODUCTS_DIR)/VDChartApp.app/VDChartApp";
			};
			name = Debug;
		};
		356A7B632812A91900A56B3B /* Release */ = {
			isa = XCBuildConfiguration;
			buildSettings = {
				ALWAYS_EMBED_SWIFT_STANDARD_LIBRARIES = YES;
				BUNDLE_LOADER = "$(TEST_HOST)";
				CODE_SIGN_STYLE = Automatic;
				CURRENT_PROJECT_VERSION = 1;
				GENERATE_INFOPLIST_FILE = YES;
				IPHONEOS_DEPLOYMENT_TARGET = 15.4;
				MARKETING_VERSION = 1.0;
				PRODUCT_BUNDLE_IDENTIFIER = com.vinaydevdikar.sampleapp.VDChartAppTests;
				PRODUCT_NAME = "$(TARGET_NAME)";
				SWIFT_EMIT_LOC_STRINGS = NO;
				SWIFT_VERSION = 5.0;
				TARGETED_DEVICE_FAMILY = "1,2";
				TEST_HOST = "$(BUILT_PRODUCTS_DIR)/VDChartApp.app/VDChartApp";
			};
			name = Release;
		};
		356A7B652812A91900A56B3B /* Debug */ = {
			isa = XCBuildConfiguration;
			buildSettings = {
				ALWAYS_EMBED_SWIFT_STANDARD_LIBRARIES = YES;
				CODE_SIGN_STYLE = Automatic;
				CURRENT_PROJECT_VERSION = 1;
				GENERATE_INFOPLIST_FILE = YES;
				MARKETING_VERSION = 1.0;
				PRODUCT_BUNDLE_IDENTIFIER = com.vinaydevdikar.sampleapp.VDChartAppUITests;
				PRODUCT_NAME = "$(TARGET_NAME)";
				SWIFT_EMIT_LOC_STRINGS = NO;
				SWIFT_VERSION = 5.0;
				TARGETED_DEVICE_FAMILY = "1,2";
				TEST_TARGET_NAME = VDChartApp;
			};
			name = Debug;
		};
		356A7B662812A91900A56B3B /* Release */ = {
			isa = XCBuildConfiguration;
			buildSettings = {
				ALWAYS_EMBED_SWIFT_STANDARD_LIBRARIES = YES;
				CODE_SIGN_STYLE = Automatic;
				CURRENT_PROJECT_VERSION = 1;
				GENERATE_INFOPLIST_FILE = YES;
				MARKETING_VERSION = 1.0;
				PRODUCT_BUNDLE_IDENTIFIER = com.vinaydevdikar.sampleapp.VDChartAppUITests;
				PRODUCT_NAME = "$(TARGET_NAME)";
				SWIFT_EMIT_LOC_STRINGS = NO;
				SWIFT_VERSION = 5.0;
				TARGETED_DEVICE_FAMILY = "1,2";
				TEST_TARGET_NAME = VDChartApp;
			};
			name = Release;
		};
/* End XCBuildConfiguration section */

/* Begin XCConfigurationList section */
		356A7B2F2812A91700A56B3B /* Build configuration list for PBXProject "VDChartApp" */ = {
			isa = XCConfigurationList;
			buildConfigurations = (
				356A7B5C2812A91900A56B3B /* Debug */,
				356A7B5D2812A91900A56B3B /* Release */,
			);
			defaultConfigurationIsVisible = 0;
			defaultConfigurationName = Release;
		};
		356A7B5E2812A91900A56B3B /* Build configuration list for PBXNativeTarget "VDChartApp" */ = {
			isa = XCConfigurationList;
			buildConfigurations = (
				356A7B5F2812A91900A56B3B /* Debug */,
				356A7B602812A91900A56B3B /* Release */,
			);
			defaultConfigurationIsVisible = 0;
			defaultConfigurationName = Release;
		};
		356A7B612812A91900A56B3B /* Build configuration list for PBXNativeTarget "VDChartAppTests" */ = {
			isa = XCConfigurationList;
			buildConfigurations = (
				356A7B622812A91900A56B3B /* Debug */,
				356A7B632812A91900A56B3B /* Release */,
			);
			defaultConfigurationIsVisible = 0;
			defaultConfigurationName = Release;
		};
		356A7B642812A91900A56B3B /* Build configuration list for PBXNativeTarget "VDChartAppUITests" */ = {
			isa = XCConfigurationList;
			buildConfigurations = (
				356A7B652812A91900A56B3B /* Debug */,
				356A7B662812A91900A56B3B /* Release */,
			);
			defaultConfigurationIsVisible = 0;
			defaultConfigurationName = Release;
		};
/* End XCConfigurationList section */
	};
	rootObject = 356A7B2C2812A91700A56B3B /* Project object */;
}
